// !$*UTF8*$!
{
	archiveVersion = 1;
	classes = {
	};
	objectVersion = 56;
	objects = {

/* Begin PBXBuildFile section */
		B0C7F1F02A90DF3D0048EC0D /* AppDelegate.swift in Sources */ = {isa = PBXBuildFile; fileRef = B0C7F1EF2A90DF3D0048EC0D /* AppDelegate.swift */; };
		B0C7F1F22A90DF3D0048EC0D /* SceneDelegate.swift in Sources */ = {isa = PBXBuildFile; fileRef = B0C7F1F12A90DF3D0048EC0D /* SceneDelegate.swift */; };
		B0C7F1F42A90DF3D0048EC0D /* ViewController.swift in Sources */ = {isa = PBXBuildFile; fileRef = B0C7F1F32A90DF3D0048EC0D /* ViewController.swift */; };
		B0C7F1F72A90DF3D0048EC0D /* Main.storyboard in Resources */ = {isa = PBXBuildFile; fileRef = B0C7F1F52A90DF3D0048EC0D /* Main.storyboard */; };
		B0C7F1FA2A90DF3D0048EC0D /* ViewDelegate.xcdatamodeld in Sources */ = {isa = PBXBuildFile; fileRef = B0C7F1F82A90DF3D0048EC0D /* ViewDelegate.xcdatamodeld */; };
		B0C7F1FC2A90DF3E0048EC0D /* Assets.xcassets in Resources */ = {isa = PBXBuildFile; fileRef = B0C7F1FB2A90DF3E0048EC0D /* Assets.xcassets */; };
		B0C7F1FF2A90DF3E0048EC0D /* LaunchScreen.storyboard in Resources */ = {isa = PBXBuildFile; fileRef = B0C7F1FD2A90DF3E0048EC0D /* LaunchScreen.storyboard */; };
		B0C7F20A2A90DF3E0048EC0D /* ViewDelegateTests.swift in Sources */ = {isa = PBXBuildFile; fileRef = B0C7F2092A90DF3E0048EC0D /* ViewDelegateTests.swift */; };
		B0C7F2142A90DF3E0048EC0D /* ViewDelegateUITests.swift in Sources */ = {isa = PBXBuildFile; fileRef = B0C7F2132A90DF3E0048EC0D /* ViewDelegateUITests.swift */; };
		B0C7F2162A90DF3E0048EC0D /* ViewDelegateUITestsLaunchTests.swift in Sources */ = {isa = PBXBuildFile; fileRef = B0C7F2152A90DF3E0048EC0D /* ViewDelegateUITestsLaunchTests.swift */; };
/* End PBXBuildFile section */

/* Begin PBXContainerItemProxy section */
		B0C7F2062A90DF3E0048EC0D /* PBXContainerItemProxy */ = {
			isa = PBXContainerItemProxy;
			containerPortal = B0C7F1E42A90DF3D0048EC0D /* Project object */;
			proxyType = 1;
			remoteGlobalIDString = B0C7F1EB2A90DF3D0048EC0D;
			remoteInfo = ViewDelegate;
		};
		B0C7F2102A90DF3E0048EC0D /* PBXContainerItemProxy */ = {
			isa = PBXContainerItemProxy;
			containerPortal = B0C7F1E42A90DF3D0048EC0D /* Project object */;
			proxyType = 1;
			remoteGlobalIDString = B0C7F1EB2A90DF3D0048EC0D;
			remoteInfo = ViewDelegate;
		};
/* End PBXContainerItemProxy section */

/* Begin PBXFileReference section */
		B0C7F1EC2A90DF3D0048EC0D /* ViewDelegate.app */ = {isa = PBXFileReference; explicitFileType = wrapper.application; includeInIndex = 0; path = ViewDelegate.app; sourceTree = BUILT_PRODUCTS_DIR; };
		B0C7F1EF2A90DF3D0048EC0D /* AppDelegate.swift */ = {isa = PBXFileReference; lastKnownFileType = sourcecode.swift; path = AppDelegate.swift; sourceTree = "<group>"; };
		B0C7F1F12A90DF3D0048EC0D /* SceneDelegate.swift */ = {isa = PBXFileReference; lastKnownFileType = sourcecode.swift; path = SceneDelegate.swift; sourceTree = "<group>"; };
		B0C7F1F32A90DF3D0048EC0D /* ViewController.swift */ = {isa = PBXFileReference; lastKnownFileType = sourcecode.swift; path = ViewController.swift; sourceTree = "<group>"; };
		B0C7F1F62A90DF3D0048EC0D /* Base */ = {isa = PBXFileReference; lastKnownFileType = file.storyboard; name = Base; path = Base.lproj/Main.storyboard; sourceTree = "<group>"; };
		B0C7F1F92A90DF3D0048EC0D /* ViewDelegate.xcdatamodel */ = {isa = PBXFileReference; lastKnownFileType = wrapper.xcdatamodel; path = ViewDelegate.xcdatamodel; sourceTree = "<group>"; };
		B0C7F1FB2A90DF3E0048EC0D /* Assets.xcassets */ = {isa = PBXFileReference; lastKnownFileType = folder.assetcatalog; path = Assets.xcassets; sourceTree = "<group>"; };
		B0C7F1FE2A90DF3E0048EC0D /* Base */ = {isa = PBXFileReference; lastKnownFileType = file.storyboard; name = Base; path = Base.lproj/LaunchScreen.storyboard; sourceTree = "<group>"; };
		B0C7F2002A90DF3E0048EC0D /* Info.plist */ = {isa = PBXFileReference; lastKnownFileType = text.plist.xml; path = Info.plist; sourceTree = "<group>"; };
		B0C7F2052A90DF3E0048EC0D /* ViewDelegateTests.xctest */ = {isa = PBXFileReference; explicitFileType = wrapper.cfbundle; includeInIndex = 0; path = ViewDelegateTests.xctest; sourceTree = BUILT_PRODUCTS_DIR; };
		B0C7F2092A90DF3E0048EC0D /* ViewDelegateTests.swift */ = {isa = PBXFileReference; lastKnownFileType = sourcecode.swift; path = ViewDelegateTests.swift; sourceTree = "<group>"; };
		B0C7F20F2A90DF3E0048EC0D /* ViewDelegateUITests.xctest */ = {isa = PBXFileReference; explicitFileType = wrapper.cfbundle; includeInIndex = 0; path = ViewDelegateUITests.xctest; sourceTree = BUILT_PRODUCTS_DIR; };
		B0C7F2132A90DF3E0048EC0D /* ViewDelegateUITests.swift */ = {isa = PBXFileReference; lastKnownFileType = sourcecode.swift; path = ViewDelegateUITests.swift; sourceTree = "<group>"; };
		B0C7F2152A90DF3E0048EC0D /* ViewDelegateUITestsLaunchTests.swift */ = {isa = PBXFileReference; lastKnownFileType = sourcecode.swift; path = ViewDelegateUITestsLaunchTests.swift; sourceTree = "<group>"; };
/* End PBXFileReference section */

/* Begin PBXFrameworksBuildPhase section */
		B0C7F1E92A90DF3D0048EC0D /* Frameworks */ = {
			isa = PBXFrameworksBuildPhase;
			buildActionMask = 2147483647;
			files = (
			);
			runOnlyForDeploymentPostprocessing = 0;
		};
		B0C7F2022A90DF3E0048EC0D /* Frameworks */ = {
			isa = PBXFrameworksBuildPhase;
			buildActionMask = 2147483647;
			files = (
			);
			runOnlyForDeploymentPostprocessing = 0;
		};
		B0C7F20C2A90DF3E0048EC0D /* Frameworks */ = {
			isa = PBXFrameworksBuildPhase;
			buildActionMask = 2147483647;
			files = (
			);
			runOnlyForDeploymentPostprocessing = 0;
		};
/* End PBXFrameworksBuildPhase section */

/* Begin PBXGroup section */
		B0C7F1E32A90DF3D0048EC0D = {
			isa = PBXGroup;
			children = (
				B0C7F1EE2A90DF3D0048EC0D /* ViewDelegate */,
				B0C7F2082A90DF3E0048EC0D /* ViewDelegateTests */,
				B0C7F2122A90DF3E0048EC0D /* ViewDelegateUITests */,
				B0C7F1ED2A90DF3D0048EC0D /* Products */,
			);
			sourceTree = "<group>";
		};
		B0C7F1ED2A90DF3D0048EC0D /* Products */ = {
			isa = PBXGroup;
			children = (
				B0C7F1EC2A90DF3D0048EC0D /* ViewDelegate.app */,
				B0C7F2052A90DF3E0048EC0D /* ViewDelegateTests.xctest */,
				B0C7F20F2A90DF3E0048EC0D /* ViewDelegateUITests.xctest */,
			);
			name = Products;
			sourceTree = "<group>";
		};
		B0C7F1EE2A90DF3D0048EC0D /* ViewDelegate */ = {
			isa = PBXGroup;
			children = (
				B0C7F1EF2A90DF3D0048EC0D /* AppDelegate.swift */,
				B0C7F1F12A90DF3D0048EC0D /* SceneDelegate.swift */,
				B0C7F1F32A90DF3D0048EC0D /* ViewController.swift */,
				B0C7F1F52A90DF3D0048EC0D /* Main.storyboard */,
				B0C7F1FB2A90DF3E0048EC0D /* Assets.xcassets */,
				B0C7F1FD2A90DF3E0048EC0D /* LaunchScreen.storyboard */,
				B0C7F2002A90DF3E0048EC0D /* Info.plist */,
				B0C7F1F82A90DF3D0048EC0D /* ViewDelegate.xcdatamodeld */,
			);
			path = ViewDelegate;
			sourceTree = "<group>";
		};
		B0C7F2082A90DF3E0048EC0D /* ViewDelegateTests */ = {
			isa = PBXGroup;
			children = (
				B0C7F2092A90DF3E0048EC0D /* ViewDelegateTests.swift */,
			);
			path = ViewDelegateTests;
			sourceTree = "<group>";
		};
		B0C7F2122A90DF3E0048EC0D /* ViewDelegateUITests */ = {
			isa = PBXGroup;
			children = (
				B0C7F2132A90DF3E0048EC0D /* ViewDelegateUITests.swift */,
				B0C7F2152A90DF3E0048EC0D /* ViewDelegateUITestsLaunchTests.swift */,
			);
			path = ViewDelegateUITests;
			sourceTree = "<group>";
		};
/* End PBXGroup section */

/* Begin PBXNativeTarget section */
		B0C7F1EB2A90DF3D0048EC0D /* ViewDelegate */ = {
			isa = PBXNativeTarget;
			buildConfigurationList = B0C7F2192A90DF3E0048EC0D /* Build configuration list for PBXNativeTarget "ViewDelegate" */;
			buildPhases = (
				B0C7F1E82A90DF3D0048EC0D /* Sources */,
				B0C7F1E92A90DF3D0048EC0D /* Frameworks */,
				B0C7F1EA2A90DF3D0048EC0D /* Resources */,
				B0C7F2252A9142EE0048EC0D /* swift lint */,
			);
			buildRules = (
			);
			dependencies = (
			);
			name = ViewDelegate;
			productName = ViewDelegate;
			productReference = B0C7F1EC2A90DF3D0048EC0D /* ViewDelegate.app */;
			productType = "com.apple.product-type.application";
		};
		B0C7F2042A90DF3E0048EC0D /* ViewDelegateTests */ = {
			isa = PBXNativeTarget;
			buildConfigurationList = B0C7F21C2A90DF3E0048EC0D /* Build configuration list for PBXNativeTarget "ViewDelegateTests" */;
			buildPhases = (
				B0C7F2012A90DF3E0048EC0D /* Sources */,
				B0C7F2022A90DF3E0048EC0D /* Frameworks */,
				B0C7F2032A90DF3E0048EC0D /* Resources */,
			);
			buildRules = (
			);
			dependencies = (
				B0C7F2072A90DF3E0048EC0D /* PBXTargetDependency */,
			);
			name = ViewDelegateTests;
			productName = ViewDelegateTests;
			productReference = B0C7F2052A90DF3E0048EC0D /* ViewDelegateTests.xctest */;
			productType = "com.apple.product-type.bundle.unit-test";
		};
		B0C7F20E2A90DF3E0048EC0D /* ViewDelegateUITests */ = {
			isa = PBXNativeTarget;
			buildConfigurationList = B0C7F21F2A90DF3E0048EC0D /* Build configuration list for PBXNativeTarget "ViewDelegateUITests" */;
			buildPhases = (
				B0C7F20B2A90DF3E0048EC0D /* Sources */,
				B0C7F20C2A90DF3E0048EC0D /* Frameworks */,
				B0C7F20D2A90DF3E0048EC0D /* Resources */,
			);
			buildRules = (
			);
			dependencies = (
				B0C7F2112A90DF3E0048EC0D /* PBXTargetDependency */,
			);
			name = ViewDelegateUITests;
			productName = ViewDelegateUITests;
			productReference = B0C7F20F2A90DF3E0048EC0D /* ViewDelegateUITests.xctest */;
			productType = "com.apple.product-type.bundle.ui-testing";
		};
/* End PBXNativeTarget section */

/* Begin PBXProject section */
		B0C7F1E42A90DF3D0048EC0D /* Project object */ = {
			isa = PBXProject;
			attributes = {
				BuildIndependentTargetsInParallel = 1;
				LastSwiftUpdateCheck = 1430;
				LastUpgradeCheck = 1430;
				TargetAttributes = {
					B0C7F1EB2A90DF3D0048EC0D = {
						CreatedOnToolsVersion = 14.3.1;
					};
					B0C7F2042A90DF3E0048EC0D = {
						CreatedOnToolsVersion = 14.3.1;
						TestTargetID = B0C7F1EB2A90DF3D0048EC0D;
					};
					B0C7F20E2A90DF3E0048EC0D = {
						CreatedOnToolsVersion = 14.3.1;
						TestTargetID = B0C7F1EB2A90DF3D0048EC0D;
					};
				};
			};
			buildConfigurationList = B0C7F1E72A90DF3D0048EC0D /* Build configuration list for PBXProject "ViewDelegate" */;
			compatibilityVersion = "Xcode 14.0";
			developmentRegion = en;
			hasScannedForEncodings = 0;
			knownRegions = (
				en,
				Base,
			);
			mainGroup = B0C7F1E32A90DF3D0048EC0D;
			productRefGroup = B0C7F1ED2A90DF3D0048EC0D /* Products */;
			projectDirPath = "";
			projectRoot = "";
			targets = (
				B0C7F1EB2A90DF3D0048EC0D /* ViewDelegate */,
				B0C7F2042A90DF3E0048EC0D /* ViewDelegateTests */,
				B0C7F20E2A90DF3E0048EC0D /* ViewDelegateUITests */,
			);
		};
/* End PBXProject section */

/* Begin PBXResourcesBuildPhase section */
		B0C7F1EA2A90DF3D0048EC0D /* Resources */ = {
			isa = PBXResourcesBuildPhase;
			buildActionMask = 2147483647;
			files = (
				B0C7F1FF2A90DF3E0048EC0D /* LaunchScreen.storyboard in Resources */,
				B0C7F1FC2A90DF3E0048EC0D /* Assets.xcassets in Resources */,
				B0C7F1F72A90DF3D0048EC0D /* Main.storyboard in Resources */,
			);
			runOnlyForDeploymentPostprocessing = 0;
		};
		B0C7F2032A90DF3E0048EC0D /* Resources */ = {
			isa = PBXResourcesBuildPhase;
			buildActionMask = 2147483647;
			files = (
			);
			runOnlyForDeploymentPostprocessing = 0;
		};
		B0C7F20D2A90DF3E0048EC0D /* Resources */ = {
			isa = PBXResourcesBuildPhase;
			buildActionMask = 2147483647;
			files = (
			);
			runOnlyForDeploymentPostprocessing = 0;
		};
/* End PBXResourcesBuildPhase section */

/* Begin PBXShellScriptBuildPhase section */
		B0C7F2252A9142EE0048EC0D /* swift lint */ = {
			isa = PBXShellScriptBuildPhase;
			buildActionMask = 2147483647;
			files = (
			);
			inputFileListPaths = (
			);
			inputPaths = (
			);
			name = "swift lint";
			outputFileListPaths = (
			);
			outputPaths = (
			);
			runOnlyForDeploymentPostprocessing = 0;
			shellPath = /bin/sh;
			shellScript = "# Type a script or drag a script file from your workspace to insert its path.\nif [[ \"$(uname -m)\" == arm64 ]]; then\n    export PATH=\"/opt/homebrew/bin:$PATH\"\nfi\n\nif which swiftlint > /dev/null; then\n  swiftlint\nelse\n  echo \"warning: SwiftLint not installed, download from https://github.com/realm/SwiftLint\"\nfi\n";
		};
/* End PBXShellScriptBuildPhase section */

/* Begin PBXSourcesBuildPhase section */
		B0C7F1E82A90DF3D0048EC0D /* Sources */ = {
			isa = PBXSourcesBuildPhase;
			buildActionMask = 2147483647;
			files = (
				B0C7F1F42A90DF3D0048EC0D /* ViewController.swift in Sources */,
				B0C7F1F02A90DF3D0048EC0D /* AppDelegate.swift in Sources */,
				B0C7F1F22A90DF3D0048EC0D /* SceneDelegate.swift in Sources */,
				B0C7F1FA2A90DF3D0048EC0D /* ViewDelegate.xcdatamodeld in Sources */,
			);
			runOnlyForDeploymentPostprocessing = 0;
		};
		B0C7F2012A90DF3E0048EC0D /* Sources */ = {
			isa = PBXSourcesBuildPhase;
			buildActionMask = 2147483647;
			files = (
				B0C7F20A2A90DF3E0048EC0D /* ViewDelegateTests.swift in Sources */,
			);
			runOnlyForDeploymentPostprocessing = 0;
		};
		B0C7F20B2A90DF3E0048EC0D /* Sources */ = {
			isa = PBXSourcesBuildPhase;
			buildActionMask = 2147483647;
			files = (
				B0C7F2162A90DF3E0048EC0D /* ViewDelegateUITestsLaunchTests.swift in Sources */,
				B0C7F2142A90DF3E0048EC0D /* ViewDelegateUITests.swift in Sources */,
			);
			runOnlyForDeploymentPostprocessing = 0;
		};
/* End PBXSourcesBuildPhase section */

/* Begin PBXTargetDependency section */
		B0C7F2072A90DF3E0048EC0D /* PBXTargetDependency */ = {
			isa = PBXTargetDependency;
			target = B0C7F1EB2A90DF3D0048EC0D /* ViewDelegate */;
			targetProxy = B0C7F2062A90DF3E0048EC0D /* PBXContainerItemProxy */;
		};
		B0C7F2112A90DF3E0048EC0D /* PBXTargetDependency */ = {
			isa = PBXTargetDependency;
			target = B0C7F1EB2A90DF3D0048EC0D /* ViewDelegate */;
			targetProxy = B0C7F2102A90DF3E0048EC0D /* PBXContainerItemProxy */;
		};
/* End PBXTargetDependency section */

/* Begin PBXVariantGroup section */
		B0C7F1F52A90DF3D0048EC0D /* Main.storyboard */ = {
			isa = PBXVariantGroup;
			children = (
				B0C7F1F62A90DF3D0048EC0D /* Base */,
			);
			name = Main.storyboard;
			sourceTree = "<group>";
		};
		B0C7F1FD2A90DF3E0048EC0D /* LaunchScreen.storyboard */ = {
			isa = PBXVariantGroup;
			children = (
				B0C7F1FE2A90DF3E0048EC0D /* Base */,
			);
			name = LaunchScreen.storyboard;
			sourceTree = "<group>";
		};
/* End PBXVariantGroup section */

/* Begin XCBuildConfiguration section */
		B0C7F2172A90DF3E0048EC0D /* Debug */ = {
			isa = XCBuildConfiguration;
			buildSettings = {
				ALWAYS_SEARCH_USER_PATHS = NO;
				CLANG_ANALYZER_NONNULL = YES;
				CLANG_ANALYZER_NUMBER_OBJECT_CONVERSION = YES_AGGRESSIVE;
				CLANG_CXX_LANGUAGE_STANDARD = "gnu++20";
				CLANG_ENABLE_MODULES = YES;
				CLANG_ENABLE_OBJC_ARC = YES;
				CLANG_ENABLE_OBJC_WEAK = YES;
				CLANG_WARN_BLOCK_CAPTURE_AUTORELEASING = YES;
				CLANG_WARN_BOOL_CONVERSION = YES;
				CLANG_WARN_COMMA = YES;
				CLANG_WARN_CONSTANT_CONVERSION = YES;
				CLANG_WARN_DEPRECATED_OBJC_IMPLEMENTATIONS = YES;
				CLANG_WARN_DIRECT_OBJC_ISA_USAGE = YES_ERROR;
				CLANG_WARN_DOCUMENTATION_COMMENTS = YES;
				CLANG_WARN_EMPTY_BODY = YES;
				CLANG_WARN_ENUM_CONVERSION = YES;
				CLANG_WARN_INFINITE_RECURSION = YES;
				CLANG_WARN_INT_CONVERSION = YES;
				CLANG_WARN_NON_LITERAL_NULL_CONVERSION = YES;
				CLANG_WARN_OBJC_IMPLICIT_RETAIN_SELF = YES;
				CLANG_WARN_OBJC_LITERAL_CONVERSION = YES;
				CLANG_WARN_OBJC_ROOT_CLASS = YES_ERROR;
				CLANG_WARN_QUOTED_INCLUDE_IN_FRAMEWORK_HEADER = YES;
				CLANG_WARN_RANGE_LOOP_ANALYSIS = YES;
				CLANG_WARN_STRICT_PROTOTYPES = YES;
				CLANG_WARN_SUSPICIOUS_MOVE = YES;
				CLANG_WARN_UNGUARDED_AVAILABILITY = YES_AGGRESSIVE;
				CLANG_WARN_UNREACHABLE_CODE = YES;
				CLANG_WARN__DUPLICATE_METHOD_MATCH = YES;
				COPY_PHASE_STRIP = NO;
				DEBUG_INFORMATION_FORMAT = dwarf;
				ENABLE_STRICT_OBJC_MSGSEND = YES;
				ENABLE_TESTABILITY = YES;
				GCC_C_LANGUAGE_STANDARD = gnu11;
				GCC_DYNAMIC_NO_PIC = NO;
				GCC_NO_COMMON_BLOCKS = YES;
				GCC_OPTIMIZATION_LEVEL = 0;
				GCC_PREPROCESSOR_DEFINITIONS = (
					"DEBUG=1",
					"$(inherited)",
				);
				GCC_WARN_64_TO_32_BIT_CONVERSION = YES;
				GCC_WARN_ABOUT_RETURN_TYPE = YES_ERROR;
				GCC_WARN_UNDECLARED_SELECTOR = YES;
				GCC_WARN_UNINITIALIZED_AUTOS = YES_AGGRESSIVE;
				GCC_WARN_UNUSED_FUNCTION = YES;
				GCC_WARN_UNUSED_VARIABLE = YES;
				IPHONEOS_DEPLOYMENT_TARGET = 16.4;
				MTL_ENABLE_DEBUG_INFO = INCLUDE_SOURCE;
				MTL_FAST_MATH = YES;
				ONLY_ACTIVE_ARCH = YES;
				SDKROOT = iphoneos;
				SWIFT_ACTIVE_COMPILATION_CONDITIONS = DEBUG;
				SWIFT_OPTIMIZATION_LEVEL = "-Onone";
			};
			name = Debug;
		};
		B0C7F2182A90DF3E0048EC0D /* Release */ = {
			isa = XCBuildConfiguration;
			buildSettings = {
				ALWAYS_SEARCH_USER_PATHS = NO;
				CLANG_ANALYZER_NONNULL = YES;
				CLANG_ANALYZER_NUMBER_OBJECT_CONVERSION = YES_AGGRESSIVE;
				CLANG_CXX_LANGUAGE_STANDARD = "gnu++20";
				CLANG_ENABLE_MODULES = YES;
				CLANG_ENABLE_OBJC_ARC = YES;
				CLANG_ENABLE_OBJC_WEAK = YES;
				CLANG_WARN_BLOCK_CAPTURE_AUTORELEASING = YES;
				CLANG_WARN_BOOL_CONVERSION = YES;
				CLANG_WARN_COMMA = YES;
				CLANG_WARN_CONSTANT_CONVERSION = YES;
				CLANG_WARN_DEPRECATED_OBJC_IMPLEMENTATIONS = YES;
				CLANG_WARN_DIRECT_OBJC_ISA_USAGE = YES_ERROR;
				CLANG_WARN_DOCUMENTATION_COMMENTS = YES;
				CLANG_WARN_EMPTY_BODY = YES;
				CLANG_WARN_ENUM_CONVERSION = YES;
				CLANG_WARN_INFINITE_RECURSION = YES;
				CLANG_WARN_INT_CONVERSION = YES;
				CLANG_WARN_NON_LITERAL_NULL_CONVERSION = YES;
				CLANG_WARN_OBJC_IMPLICIT_RETAIN_SELF = YES;
				CLANG_WARN_OBJC_LITERAL_CONVERSION = YES;
				CLANG_WARN_OBJC_ROOT_CLASS = YES_ERROR;
				CLANG_WARN_QUOTED_INCLUDE_IN_FRAMEWORK_HEADER = YES;
				CLANG_WARN_RANGE_LOOP_ANALYSIS = YES;
				CLANG_WARN_STRICT_PROTOTYPES = YES;
				CLANG_WARN_SUSPICIOUS_MOVE = YES;
				CLANG_WARN_UNGUARDED_AVAILABILITY = YES_AGGRESSIVE;
				CLANG_WARN_UNREACHABLE_CODE = YES;
				CLANG_WARN__DUPLICATE_METHOD_MATCH = YES;
				COPY_PHASE_STRIP = NO;
				DEBUG_INFORMATION_FORMAT = "dwarf-with-dsym";
				ENABLE_NS_ASSERTIONS = NO;
				ENABLE_STRICT_OBJC_MSGSEND = YES;
				GCC_C_LANGUAGE_STANDARD = gnu11;
				GCC_NO_COMMON_BLOCKS = YES;
				GCC_WARN_64_TO_32_BIT_CONVERSION = YES;
				GCC_WARN_ABOUT_RETURN_TYPE = YES_ERROR;
				GCC_WARN_UNDECLARED_SELECTOR = YES;
				GCC_WARN_UNINITIALIZED_AUTOS = YES_AGGRESSIVE;
				GCC_WARN_UNUSED_FUNCTION = YES;
				GCC_WARN_UNUSED_VARIABLE = YES;
				IPHONEOS_DEPLOYMENT_TARGET = 16.4;
				MTL_ENABLE_DEBUG_INFO = NO;
				MTL_FAST_MATH = YES;
				SDKROOT = iphoneos;
				SWIFT_COMPILATION_MODE = wholemodule;
				SWIFT_OPTIMIZATION_LEVEL = "-O";
				VALIDATE_PRODUCT = YES;
			};
			name = Release;
		};
		B0C7F21A2A90DF3E0048EC0D /* Debug */ = {
			isa = XCBuildConfiguration;
			buildSettings = {
				ASSETCATALOG_COMPILER_APPICON_NAME = AppIcon;
				ASSETCATALOG_COMPILER_GLOBAL_ACCENT_COLOR_NAME = AccentColor;
				CODE_SIGN_STYLE = Automatic;
				CURRENT_PROJECT_VERSION = 1;
				GENERATE_INFOPLIST_FILE = YES;
				INFOPLIST_FILE = ViewDelegate/Info.plist;
				INFOPLIST_KEY_UIApplicationSupportsIndirectInputEvents = YES;
				INFOPLIST_KEY_UILaunchStoryboardName = LaunchScreen;
				INFOPLIST_KEY_UIMainStoryboardFile = Main;
				INFOPLIST_KEY_UISupportedInterfaceOrientations_iPad = "UIInterfaceOrientationPortrait UIInterfaceOrientationPortraitUpsideDown UIInterfaceOrientationLandscapeLeft UIInterfaceOrientationLandscapeRight";
				INFOPLIST_KEY_UISupportedInterfaceOrientations_iPhone = "UIInterfaceOrientationPortrait UIInterfaceOrientationLandscapeLeft UIInterfaceOrientationLandscapeRight";
				LD_RUNPATH_SEARCH_PATHS = (
					"$(inherited)",
					"@executable_path/Frameworks",
				);
				MARKETING_VERSION = 1.0;
				PRODUCT_BUNDLE_IDENTIFIER = ahmed.darwish.ViewDelegate;
				PRODUCT_NAME = "$(TARGET_NAME)";
				SWIFT_EMIT_LOC_STRINGS = YES;
				SWIFT_VERSION = 5.0;
				TARGETED_DEVICE_FAMILY = "1,2";
			};
			name = Debug;
		};
		B0C7F21B2A90DF3E0048EC0D /* Release */ = {
			isa = XCBuildConfiguration;
			buildSettings = {
				ASSETCATALOG_COMPILER_APPICON_NAME = AppIcon;
				ASSETCATALOG_COMPILER_GLOBAL_ACCENT_COLOR_NAME = AccentColor;
				CODE_SIGN_STYLE = Automatic;
				CURRENT_PROJECT_VERSION = 1;
				GENERATE_INFOPLIST_FILE = YES;
				INFOPLIST_FILE = ViewDelegate/Info.plist;
				INFOPLIST_KEY_UIApplicationSupportsIndirectInputEvents = YES;
				INFOPLIST_KEY_UILaunchStoryboardName = LaunchScreen;
				INFOPLIST_KEY_UIMainStoryboardFile = Main;
				INFOPLIST_KEY_UISupportedInterfaceOrientations_iPad = "UIInterfaceOrientationPortrait UIInterfaceOrientationPortraitUpsideDown UIInterfaceOrientationLandscapeLeft UIInterfaceOrientationLandscapeRight";
				INFOPLIST_KEY_UISupportedInterfaceOrientations_iPhone = "UIInterfaceOrientationPortrait UIInterfaceOrientationLandscapeLeft UIInterfaceOrientationLandscapeRight";
				LD_RUNPATH_SEARCH_PATHS = (
					"$(inherited)",
					"@executable_path/Frameworks",
				);
				MARKETING_VERSION = 1.0;
				PRODUCT_BUNDLE_IDENTIFIER = ahmed.darwish.ViewDelegate;
				PRODUCT_NAME = "$(TARGET_NAME)";
				SWIFT_EMIT_LOC_STRINGS = YES;
				SWIFT_VERSION = 5.0;
				TARGETED_DEVICE_FAMILY = "1,2";
			};
			name = Release;
		};
		B0C7F21D2A90DF3E0048EC0D /* Debug */ = {
			isa = XCBuildConfiguration;
			buildSettings = {
				ALWAYS_EMBED_SWIFT_STANDARD_LIBRARIES = YES;
				BUNDLE_LOADER = "$(TEST_HOST)";
				CODE_SIGN_STYLE = Automatic;
				CURRENT_PROJECT_VERSION = 1;
				GENERATE_INFOPLIST_FILE = YES;
				IPHONEOS_DEPLOYMENT_TARGET = 16.4;
				MARKETING_VERSION = 1.0;
				PRODUCT_BUNDLE_IDENTIFIER = ahmed.darwish.ViewDelegateTests;
				PRODUCT_NAME = "$(TARGET_NAME)";
				SWIFT_EMIT_LOC_STRINGS = NO;
				SWIFT_VERSION = 5.0;
				TARGETED_DEVICE_FAMILY = "1,2";
				TEST_HOST = "$(BUILT_PRODUCTS_DIR)/ViewDelegate.app/$(BUNDLE_EXECUTABLE_FOLDER_PATH)/ViewDelegate";
			};
			name = Debug;
		};
		B0C7F21E2A90DF3E0048EC0D /* Release */ = {
			isa = XCBuildConfiguration;
			buildSettings = {
				ALWAYS_EMBED_SWIFT_STANDARD_LIBRARIES = YES;
				BUNDLE_LOADER = "$(TEST_HOST)";
				CODE_SIGN_STYLE = Automatic;
				CURRENT_PROJECT_VERSION = 1;
				GENERATE_INFOPLIST_FILE = YES;
				IPHONEOS_DEPLOYMENT_TARGET = 16.4;
				MARKETING_VERSION = 1.0;
				PRODUCT_BUNDLE_IDENTIFIER = ahmed.darwish.ViewDelegateTests;
				PRODUCT_NAME = "$(TARGET_NAME)";
				SWIFT_EMIT_LOC_STRINGS = NO;
				SWIFT_VERSION = 5.0;
				TARGETED_DEVICE_FAMILY = "1,2";
				TEST_HOST = "$(BUILT_PRODUCTS_DIR)/ViewDelegate.app/$(BUNDLE_EXECUTABLE_FOLDER_PATH)/ViewDelegate";
			};
			name = Release;
		};
		B0C7F2202A90DF3E0048EC0D /* Debug */ = {
			isa = XCBuildConfiguration;
			buildSettings = {
				ALWAYS_EMBED_SWIFT_STANDARD_LIBRARIES = YES;
				CODE_SIGN_STYLE = Automatic;
				CURRENT_PROJECT_VERSION = 1;
				GENERATE_INFOPLIST_FILE = YES;
				MARKETING_VERSION = 1.0;
				PRODUCT_BUNDLE_IDENTIFIER = ahmed.darwish.ViewDelegateUITests;
				PRODUCT_NAME = "$(TARGET_NAME)";
				SWIFT_EMIT_LOC_STRINGS = NO;
				SWIFT_VERSION = 5.0;
				TARGETED_DEVICE_FAMILY = "1,2";
				TEST_TARGET_NAME = ViewDelegate;
			};
			name = Debug;
		};
		B0C7F2212A90DF3E0048EC0D /* Release */ = {
			isa = XCBuildConfiguration;
			buildSettings = {
				ALWAYS_EMBED_SWIFT_STANDARD_LIBRARIES = YES;
				CODE_SIGN_STYLE = Automatic;
				CURRENT_PROJECT_VERSION = 1;
				GENERATE_INFOPLIST_FILE = YES;
				MARKETING_VERSION = 1.0;
				PRODUCT_BUNDLE_IDENTIFIER = ahmed.darwish.ViewDelegateUITests;
				PRODUCT_NAME = "$(TARGET_NAME)";
				SWIFT_EMIT_LOC_STRINGS = NO;
				SWIFT_VERSION = 5.0;
				TARGETED_DEVICE_FAMILY = "1,2";
				TEST_TARGET_NAME = ViewDelegate;
			};
			name = Release;
		};
/* End XCBuildConfiguration section */

/* Begin XCConfigurationList section */
		B0C7F1E72A90DF3D0048EC0D /* Build configuration list for PBXProject "ViewDelegate" */ = {
			isa = XCConfigurationList;
			buildConfigurations = (
				B0C7F2172A90DF3E0048EC0D /* Debug */,
				B0C7F2182A90DF3E0048EC0D /* Release */,
			);
			defaultConfigurationIsVisible = 0;
			defaultConfigurationName = Release;
		};
		B0C7F2192A90DF3E0048EC0D /* Build configuration list for PBXNativeTarget "ViewDelegate" */ = {
			isa = XCConfigurationList;
			buildConfigurations = (
				B0C7F21A2A90DF3E0048EC0D /* Debug */,
				B0C7F21B2A90DF3E0048EC0D /* Release */,
			);
			defaultConfigurationIsVisible = 0;
			defaultConfigurationName = Release;
		};
		B0C7F21C2A90DF3E0048EC0D /* Build configuration list for PBXNativeTarget "ViewDelegateTests" */ = {
			isa = XCConfigurationList;
			buildConfigurations = (
				B0C7F21D2A90DF3E0048EC0D /* Debug */,
				B0C7F21E2A90DF3E0048EC0D /* Release */,
			);
			defaultConfigurationIsVisible = 0;
			defaultConfigurationName = Release;
		};
		B0C7F21F2A90DF3E0048EC0D /* Build configuration list for PBXNativeTarget "ViewDelegateUITests" */ = {
			isa = XCConfigurationList;
			buildConfigurations = (
				B0C7F2202A90DF3E0048EC0D /* Debug */,
				B0C7F2212A90DF3E0048EC0D /* Release */,
			);
			defaultConfigurationIsVisible = 0;
			defaultConfigurationName = Release;
		};
/* End XCConfigurationList section */

/* Begin XCVersionGroup section */
		B0C7F1F82A90DF3D0048EC0D /* ViewDelegate.xcdatamodeld */ = {
			isa = XCVersionGroup;
			children = (
				B0C7F1F92A90DF3D0048EC0D /* ViewDelegate.xcdatamodel */,
			);
			currentVersion = B0C7F1F92A90DF3D0048EC0D /* ViewDelegate.xcdatamodel */;
			path = ViewDelegate.xcdatamodeld;
			sourceTree = "<group>";
			versionGroupType = wrapper.xcdatamodel;
		};
/* End XCVersionGroup section */
	};
	rootObject = B0C7F1E42A90DF3D0048EC0D /* Project object */;
}
